# This file is automatically @generated by Cargo.
# It is not intended for manual editing.
version = 4

[[package]]
name = "qol-lib-template"
version = "0.2.0"

[[patch.unused]]
name = "qol-plugin-api"
version = "0.1.0"

[[patch.unused]]
name = "qol-tray"
version = "3.5.0"

[[patch.unused]]
name = "qol-runtime"
version = "0.1.0"
